
Microsoft Visual Studio Solution File, Format Version 12.00
# Visual Studio 14
VisualStudioVersion = 14.0.23107.0
MinimumVisualStudioVersion = 10.0.40219.1
Project("{FAE04EC0-301F-11D3-BF4B-00C04F79EFBC}") = "NJsonApi.HelloWorld", "NJsonApi.HelloWorld\NJsonApi.HelloWorld.csproj", "{6C015953-8FA9-4505-94D7-EE345FA60C79}"
EndProject
Project("{FAE04EC0-301F-11D3-BF4B-00C04F79EFBC}") = "NJsonApi", "NJsonApi\NJsonApi.csproj", "{39073AC4-47C1-4C0E-87E1-E48FA606D165}"
EndProject
Project("{FAE04EC0-301F-11D3-BF4B-00C04F79EFBC}") = "NJsonApi.Common", "NJsonApi.Common\NJsonApi.Common.csproj", "{59E4C7F0-DAA5-462C-BAB2-6BD36787D122}"
EndProject
Global
	GlobalSection(SolutionConfigurationPlatforms) = preSolution
		Debug|Any CPU = Debug|Any CPU
		Release|Any CPU = Release|Any CPU
	EndGlobalSection
	GlobalSection(ProjectConfigurationPlatforms) = postSolution
		{6C015953-8FA9-4505-94D7-EE345FA60C79}.Debug|Any CPU.ActiveCfg = Debug|Any CPU
		{6C015953-8FA9-4505-94D7-EE345FA60C79}.Debug|Any CPU.Build.0 = Debug|Any CPU
		{6C015953-8FA9-4505-94D7-EE345FA60C79}.Release|Any CPU.ActiveCfg = Release|Any CPU
		{6C015953-8FA9-4505-94D7-EE345FA60C79}.Release|Any CPU.Build.0 = Release|Any CPU
		{39073AC4-47C1-4C0E-87E1-E48FA606D165}.Debug|Any CPU.ActiveCfg = Debug|Any CPU
		{39073AC4-47C1-4C0E-87E1-E48FA606D165}.Debug|Any CPU.Build.0 = Debug|Any CPU
		{39073AC4-47C1-4C0E-87E1-E48FA606D165}.Release|Any CPU.ActiveCfg = Release|Any CPU
		{39073AC4-47C1-4C0E-87E1-E48FA606D165}.Release|Any CPU.Build.0 = Release|Any CPU
		{59E4C7F0-DAA5-462C-BAB2-6BD36787D122}.Debug|Any CPU.ActiveCfg = Debug|Any CPU
		{59E4C7F0-DAA5-462C-BAB2-6BD36787D122}.Debug|Any CPU.Build.0 = Debug|Any CPU
		{59E4C7F0-DAA5-462C-BAB2-6BD36787D122}.Release|Any CPU.ActiveCfg = Release|Any CPU
		{59E4C7F0-DAA5-462C-BAB2-6BD36787D122}.Release|Any CPU.Build.0 = Release|Any CPU
	EndGlobalSection
	GlobalSection(SolutionProperties) = preSolution
		HideSolutionNode = FALSE
	EndGlobalSection
EndGlobal
