
Microsoft Visual Studio Solution File, Format Version 12.00
# Visual Studio 14
VisualStudioVersion = 14.0.24720.0
MinimumVisualStudioVersion = 10.0.40219.1
Project("{2150E333-8FDC-42A3-9474-1A3956D46DE8}") = "src", "src", "{D8C78AB9-A711-41EC-98D8-39B8F16A9550}"
EndProject
Project("{2150E333-8FDC-42A3-9474-1A3956D46DE8}") = "Solution Items", "Solution Items", "{AE03C07F-9402-47DE-8826-3FEF19424382}"
	ProjectSection(SolutionItems) = preProject
		global.json = global.json
	EndProjectSection
EndProject
Project("{8BB2217D-0F2D-49D1-97BC-3654ED321F3B}") = "NJsonApi.HelloWorld", "src\NJsonApi.HelloWorld\NJsonApi.HelloWorld.xproj", "{148CCFEF-502B-4C2B-B38F-90320918A128}"
EndProject
Project("{8BB2217D-0F2D-49D1-97BC-3654ED321F3B}") = "NJsonApi", "src\NJsonApi\NJsonApi.xproj", "{2FA32B71-2BAD-4F4D-85A3-48743CEC489C}"
EndProject
Project("{2150E333-8FDC-42A3-9474-1A3956D46DE8}") = "test", "test", "{71C72B2D-DCF8-4B03-A759-5CA9F7E6594C}"
EndProject
Project("{8BB2217D-0F2D-49D1-97BC-3654ED321F3B}") = "NJsonApi.Test", "test\NJsonApi.Test\NJsonApi.Test.xproj", "{5A06E121-32A9-4F55-8055-AB27B266EEE1}"
EndProject
Global
	GlobalSection(SolutionConfigurationPlatforms) = preSolution
		Debug|Any CPU = Debug|Any CPU
		Net Core 1 Only|Any CPU = Net Core 1 Only|Any CPU
		Release|Any CPU = Release|Any CPU
	EndGlobalSection
	GlobalSection(ProjectConfigurationPlatforms) = postSolution
		{148CCFEF-502B-4C2B-B38F-90320918A128}.Debug|Any CPU.ActiveCfg = Debug|Any CPU
		{148CCFEF-502B-4C2B-B38F-90320918A128}.Debug|Any CPU.Build.0 = Debug|Any CPU
		{148CCFEF-502B-4C2B-B38F-90320918A128}.Net Core 1 Only|Any CPU.ActiveCfg = Debug|Any CPU
		{148CCFEF-502B-4C2B-B38F-90320918A128}.Net Core 1 Only|Any CPU.Build.0 = Debug|Any CPU
		{148CCFEF-502B-4C2B-B38F-90320918A128}.Release|Any CPU.ActiveCfg = Release|Any CPU
		{148CCFEF-502B-4C2B-B38F-90320918A128}.Release|Any CPU.Build.0 = Release|Any CPU
		{2FA32B71-2BAD-4F4D-85A3-48743CEC489C}.Debug|Any CPU.ActiveCfg = Debug|Any CPU
		{2FA32B71-2BAD-4F4D-85A3-48743CEC489C}.Debug|Any CPU.Build.0 = Debug|Any CPU
		{2FA32B71-2BAD-4F4D-85A3-48743CEC489C}.Net Core 1 Only|Any CPU.ActiveCfg = Debug|Any CPU
		{2FA32B71-2BAD-4F4D-85A3-48743CEC489C}.Net Core 1 Only|Any CPU.Build.0 = Debug|Any CPU
		{2FA32B71-2BAD-4F4D-85A3-48743CEC489C}.Release|Any CPU.ActiveCfg = Release|Any CPU
		{2FA32B71-2BAD-4F4D-85A3-48743CEC489C}.Release|Any CPU.Build.0 = Release|Any CPU
		{5A06E121-32A9-4F55-8055-AB27B266EEE1}.Debug|Any CPU.ActiveCfg = Debug|Any CPU
		{5A06E121-32A9-4F55-8055-AB27B266EEE1}.Debug|Any CPU.Build.0 = Debug|Any CPU
		{5A06E121-32A9-4F55-8055-AB27B266EEE1}.Net Core 1 Only|Any CPU.ActiveCfg = Debug|Any CPU
		{5A06E121-32A9-4F55-8055-AB27B266EEE1}.Net Core 1 Only|Any CPU.Build.0 = Debug|Any CPU
		{5A06E121-32A9-4F55-8055-AB27B266EEE1}.Release|Any CPU.ActiveCfg = Release|Any CPU
		{5A06E121-32A9-4F55-8055-AB27B266EEE1}.Release|Any CPU.Build.0 = Release|Any CPU
	EndGlobalSection
	GlobalSection(SolutionProperties) = preSolution
		HideSolutionNode = FALSE
	EndGlobalSection
	GlobalSection(NestedProjects) = preSolution
		{148CCFEF-502B-4C2B-B38F-90320918A128} = {D8C78AB9-A711-41EC-98D8-39B8F16A9550}
		{2FA32B71-2BAD-4F4D-85A3-48743CEC489C} = {D8C78AB9-A711-41EC-98D8-39B8F16A9550}
		{5A06E121-32A9-4F55-8055-AB27B266EEE1} = {71C72B2D-DCF8-4B03-A759-5CA9F7E6594C}
	EndGlobalSection
EndGlobal
