
Microsoft Visual Studio Solution File, Format Version 12.00
# Visual Studio 2013
VisualStudioVersion = 12.0.21005.1
MinimumVisualStudioVersion = 10.0.40219.1
Project("{FAE04EC0-301F-11D3-BF4B-00C04F79EFBC}") = "Util-JsonApiSerializer", "Util-JsonApiSerializer\Util-JsonApiSerializer.csproj", "{39073AC4-47C1-4C0E-87E1-E48FA606D165}"
EndProject
Project("{FAE04EC0-301F-11D3-BF4B-00C04F79EFBC}") = "Util-JsonApiSerializer.Common", "Util-JsonApiSerializer.Common\Util-JsonApiSerializer.Common.csproj", "{59E4C7F0-DAA5-462C-BAB2-6BD36787D122}"
EndProject
Project("{FAE04EC0-301F-11D3-BF4B-00C04F79EFBC}") = "NJsonApi.Test", "NJsonApi.Test\NJsonApi.Test.csproj", "{D893BD32-7E79-44DB-AC75-423102B69816}"
EndProject
Project("{FAE04EC0-301F-11D3-BF4B-00C04F79EFBC}") = "NJsonApi.Common.Test", "NJsonApi.Common.Test\NJsonApi.Common.Test.csproj", "{346A3785-EB5B-43C0-9C0C-ADF5A22BC8E2}"
EndProject
Global
	GlobalSection(SolutionConfigurationPlatforms) = preSolution
		Debug|Any CPU = Debug|Any CPU
		Release|Any CPU = Release|Any CPU
	EndGlobalSection
	GlobalSection(ProjectConfigurationPlatforms) = postSolution
		{39073AC4-47C1-4C0E-87E1-E48FA606D165}.Debug|Any CPU.ActiveCfg = Debug|Any CPU
		{39073AC4-47C1-4C0E-87E1-E48FA606D165}.Debug|Any CPU.Build.0 = Debug|Any CPU
		{39073AC4-47C1-4C0E-87E1-E48FA606D165}.Release|Any CPU.ActiveCfg = Release|Any CPU
		{39073AC4-47C1-4C0E-87E1-E48FA606D165}.Release|Any CPU.Build.0 = Release|Any CPU
		{59E4C7F0-DAA5-462C-BAB2-6BD36787D122}.Debug|Any CPU.ActiveCfg = Debug|Any CPU
		{59E4C7F0-DAA5-462C-BAB2-6BD36787D122}.Debug|Any CPU.Build.0 = Debug|Any CPU
		{59E4C7F0-DAA5-462C-BAB2-6BD36787D122}.Release|Any CPU.ActiveCfg = Release|Any CPU
		{59E4C7F0-DAA5-462C-BAB2-6BD36787D122}.Release|Any CPU.Build.0 = Release|Any CPU
		{D893BD32-7E79-44DB-AC75-423102B69816}.Debug|Any CPU.ActiveCfg = Debug|Any CPU
		{D893BD32-7E79-44DB-AC75-423102B69816}.Debug|Any CPU.Build.0 = Debug|Any CPU
		{D893BD32-7E79-44DB-AC75-423102B69816}.Release|Any CPU.ActiveCfg = Release|Any CPU
		{D893BD32-7E79-44DB-AC75-423102B69816}.Release|Any CPU.Build.0 = Release|Any CPU
		{346A3785-EB5B-43C0-9C0C-ADF5A22BC8E2}.Debug|Any CPU.ActiveCfg = Debug|Any CPU
		{346A3785-EB5B-43C0-9C0C-ADF5A22BC8E2}.Debug|Any CPU.Build.0 = Debug|Any CPU
		{346A3785-EB5B-43C0-9C0C-ADF5A22BC8E2}.Release|Any CPU.ActiveCfg = Release|Any CPU
		{346A3785-EB5B-43C0-9C0C-ADF5A22BC8E2}.Release|Any CPU.Build.0 = Release|Any CPU
	EndGlobalSection
	GlobalSection(SolutionProperties) = preSolution
		HideSolutionNode = FALSE
	EndGlobalSection
EndGlobal
